// !$*UTF8*$!
{
	archiveVersion = 1;
	classes = {
	};
	objectVersion = 56;
	objects = {

/* Begin PBXBuildFile section */
		A01A53152BB17A5E00FCAFBC /* ImmersiveVideoPlayerSampleApp.swift in Sources */ = {isa = PBXBuildFile; fileRef = A01A53142BB17A5E00FCAFBC /* ImmersiveVideoPlayerSampleApp.swift */; };
		A01A53172BB17A5E00FCAFBC /* ContentView.swift in Sources */ = {isa = PBXBuildFile; fileRef = A01A53162BB17A5E00FCAFBC /* ContentView.swift */; };
		A01A53192BB17A5E00FCAFBC /* ImmersiveView.swift in Sources */ = {isa = PBXBuildFile; fileRef = A01A53182BB17A5E00FCAFBC /* ImmersiveView.swift */; };
		A01A531D2BB17A6000FCAFBC /* Assets.xcassets in Resources */ = {isa = PBXBuildFile; fileRef = A01A531C2BB17A6000FCAFBC /* Assets.xcassets */; };
		A01A53202BB17A6000FCAFBC /* Preview Assets.xcassets in Resources */ = {isa = PBXBuildFile; fileRef = A01A531F2BB17A6000FCAFBC /* Preview Assets.xcassets */; };
		A01A53282BB17B8B00FCAFBC /* PlayerState.swift in Sources */ = {isa = PBXBuildFile; fileRef = A01A53272BB17B8B00FCAFBC /* PlayerState.swift */; };
		A01A532D2BB18E2100FCAFBC /* AsyncAlgorithms in Frameworks */ = {isa = PBXBuildFile; productRef = A01A532C2BB18E2100FCAFBC /* AsyncAlgorithms */; };
		A01A53312BB1CD3B00FCAFBC /* AppSceneId.swift in Sources */ = {isa = PBXBuildFile; fileRef = A01A53302BB1CD3B00FCAFBC /* AppSceneId.swift */; };
/* End PBXBuildFile section */

/* Begin PBXFileReference section */
		A01A530D2BB17A5E00FCAFBC /* ImmersiveVideoPlayerSample.app */ = {isa = PBXFileReference; explicitFileType = wrapper.application; includeInIndex = 0; path = ImmersiveVideoPlayerSample.app; sourceTree = BUILT_PRODUCTS_DIR; };
		A01A53142BB17A5E00FCAFBC /* ImmersiveVideoPlayerSampleApp.swift */ = {isa = PBXFileReference; lastKnownFileType = sourcecode.swift; path = ImmersiveVideoPlayerSampleApp.swift; sourceTree = "<group>"; };
		A01A53162BB17A5E00FCAFBC /* ContentView.swift */ = {isa = PBXFileReference; lastKnownFileType = sourcecode.swift; path = ContentView.swift; sourceTree = "<group>"; };
		A01A53182BB17A5E00FCAFBC /* ImmersiveView.swift */ = {isa = PBXFileReference; lastKnownFileType = sourcecode.swift; path = ImmersiveView.swift; sourceTree = "<group>"; };
		A01A531C2BB17A6000FCAFBC /* Assets.xcassets */ = {isa = PBXFileReference; lastKnownFileType = folder.assetcatalog; path = Assets.xcassets; sourceTree = "<group>"; };
		A01A531F2BB17A6000FCAFBC /* Preview Assets.xcassets */ = {isa = PBXFileReference; lastKnownFileType = folder.assetcatalog; path = "Preview Assets.xcassets"; sourceTree = "<group>"; };
		A01A53212BB17A6000FCAFBC /* Info.plist */ = {isa = PBXFileReference; lastKnownFileType = text.plist.xml; path = Info.plist; sourceTree = "<group>"; };
		A01A53272BB17B8B00FCAFBC /* PlayerState.swift */ = {isa = PBXFileReference; lastKnownFileType = sourcecode.swift; path = PlayerState.swift; sourceTree = "<group>"; };
		A01A53302BB1CD3B00FCAFBC /* AppSceneId.swift */ = {isa = PBXFileReference; lastKnownFileType = sourcecode.swift; path = AppSceneId.swift; sourceTree = "<group>"; };
		A01A53322BB1D67500FCAFBC /* LICENSE.txt */ = {isa = PBXFileReference; fileEncoding = 4; lastKnownFileType = text; path = LICENSE.txt; sourceTree = "<group>"; };
		A0BA7D172BB1D93D0076163A /* README.md */ = {isa = PBXFileReference; fileEncoding = 4; lastKnownFileType = net.daringfireball.markdown; path = README.md; sourceTree = "<group>"; };
/* End PBXFileReference section */

/* Begin PBXFrameworksBuildPhase section */
		A01A530A2BB17A5E00FCAFBC /* Frameworks */ = {
			isa = PBXFrameworksBuildPhase;
			buildActionMask = 2147483647;
			files = (
				A01A532D2BB18E2100FCAFBC /* AsyncAlgorithms in Frameworks */,
			);
			runOnlyForDeploymentPostprocessing = 0;
		};
/* End PBXFrameworksBuildPhase section */

/* Begin PBXGroup section */
		A01A53042BB17A5E00FCAFBC = {
			isa = PBXGroup;
			children = (
				A0BA7D172BB1D93D0076163A /* README.md */,
				A01A53322BB1D67500FCAFBC /* LICENSE.txt */,
				A01A530F2BB17A5E00FCAFBC /* ImmersiveVideoPlayerSample */,
				A01A530E2BB17A5E00FCAFBC /* Products */,
			);
			sourceTree = "<group>";
		};
		A01A530E2BB17A5E00FCAFBC /* Products */ = {
			isa = PBXGroup;
			children = (
				A01A530D2BB17A5E00FCAFBC /* ImmersiveVideoPlayerSample.app */,
			);
			name = Products;
			sourceTree = "<group>";
		};
		A01A530F2BB17A5E00FCAFBC /* ImmersiveVideoPlayerSample */ = {
			isa = PBXGroup;
			children = (
				A01A532A2BB17B9900FCAFBC /* Data */,
				A01A53292BB17B8F00FCAFBC /* Views */,
				A01A53142BB17A5E00FCAFBC /* ImmersiveVideoPlayerSampleApp.swift */,
				A01A531C2BB17A6000FCAFBC /* Assets.xcassets */,
				A01A53212BB17A6000FCAFBC /* Info.plist */,
				A01A531E2BB17A6000FCAFBC /* Preview Content */,
			);
			path = ImmersiveVideoPlayerSample;
			sourceTree = "<group>";
		};
		A01A531E2BB17A6000FCAFBC /* Preview Content */ = {
			isa = PBXGroup;
			children = (
				A01A531F2BB17A6000FCAFBC /* Preview Assets.xcassets */,
			);
			path = "Preview Content";
			sourceTree = "<group>";
		};
		A01A53292BB17B8F00FCAFBC /* Views */ = {
			isa = PBXGroup;
			children = (
				A01A53162BB17A5E00FCAFBC /* ContentView.swift */,
				A01A53182BB17A5E00FCAFBC /* ImmersiveView.swift */,
			);
			path = Views;
			sourceTree = "<group>";
		};
		A01A532A2BB17B9900FCAFBC /* Data */ = {
			isa = PBXGroup;
			children = (
				A01A53272BB17B8B00FCAFBC /* PlayerState.swift */,
				A01A53302BB1CD3B00FCAFBC /* AppSceneId.swift */,
			);
			path = Data;
			sourceTree = "<group>";
		};
/* End PBXGroup section */

/* Begin PBXNativeTarget section */
		A01A530C2BB17A5E00FCAFBC /* ImmersiveVideoPlayerSample */ = {
			isa = PBXNativeTarget;
			buildConfigurationList = A01A53242BB17A6000FCAFBC /* Build configuration list for PBXNativeTarget "ImmersiveVideoPlayerSample" */;
			buildPhases = (
				A01A53092BB17A5E00FCAFBC /* Sources */,
				A01A530A2BB17A5E00FCAFBC /* Frameworks */,
				A01A530B2BB17A5E00FCAFBC /* Resources */,
			);
			buildRules = (
			);
			dependencies = (
			);
			name = ImmersiveVideoPlayerSample;
			packageProductDependencies = (
				A01A532C2BB18E2100FCAFBC /* AsyncAlgorithms */,
			);
			productName = ImmersiveVideoPlayerSample;
			productReference = A01A530D2BB17A5E00FCAFBC /* ImmersiveVideoPlayerSample.app */;
			productType = "com.apple.product-type.application";
		};
/* End PBXNativeTarget section */

/* Begin PBXProject section */
		A01A53052BB17A5E00FCAFBC /* Project object */ = {
			isa = PBXProject;
			attributes = {
				BuildIndependentTargetsInParallel = 1;
				LastSwiftUpdateCheck = 1530;
				LastUpgradeCheck = 1530;
				TargetAttributes = {
					A01A530C2BB17A5E00FCAFBC = {
						CreatedOnToolsVersion = 15.3;
					};
				};
			};
			buildConfigurationList = A01A53082BB17A5E00FCAFBC /* Build configuration list for PBXProject "ImmersiveVideoPlayerSample" */;
			compatibilityVersion = "Xcode 14.0";
			developmentRegion = en;
			hasScannedForEncodings = 0;
			knownRegions = (
				en,
				Base,
			);
			mainGroup = A01A53042BB17A5E00FCAFBC;
			packageReferences = (
				A01A532B2BB18E2100FCAFBC /* XCRemoteSwiftPackageReference "swift-async-algorithms" */,
			);
			productRefGroup = A01A530E2BB17A5E00FCAFBC /* Products */;
			projectDirPath = "";
			projectRoot = "";
			targets = (
				A01A530C2BB17A5E00FCAFBC /* ImmersiveVideoPlayerSample */,
			);
		};
/* End PBXProject section */

/* Begin PBXResourcesBuildPhase section */
		A01A530B2BB17A5E00FCAFBC /* Resources */ = {
			isa = PBXResourcesBuildPhase;
			buildActionMask = 2147483647;
			files = (
				A01A531D2BB17A6000FCAFBC /* Assets.xcassets in Resources */,
				A01A53202BB17A6000FCAFBC /* Preview Assets.xcassets in Resources */,
			);
			runOnlyForDeploymentPostprocessing = 0;
		};
/* End PBXResourcesBuildPhase section */

/* Begin PBXSourcesBuildPhase section */
		A01A53092BB17A5E00FCAFBC /* Sources */ = {
			isa = PBXSourcesBuildPhase;
			buildActionMask = 2147483647;
			files = (
				A01A53172BB17A5E00FCAFBC /* ContentView.swift in Sources */,
				A01A53312BB1CD3B00FCAFBC /* AppSceneId.swift in Sources */,
				A01A53152BB17A5E00FCAFBC /* ImmersiveVideoPlayerSampleApp.swift in Sources */,
				A01A53282BB17B8B00FCAFBC /* PlayerState.swift in Sources */,
				A01A53192BB17A5E00FCAFBC /* ImmersiveView.swift in Sources */,
			);
			runOnlyForDeploymentPostprocessing = 0;
		};
/* End PBXSourcesBuildPhase section */

/* Begin XCBuildConfiguration section */
		A01A53222BB17A6000FCAFBC /* Debug */ = {
			isa = XCBuildConfiguration;
			buildSettings = {
				ALWAYS_SEARCH_USER_PATHS = NO;
				ASSETCATALOG_COMPILER_GENERATE_SWIFT_ASSET_SYMBOL_EXTENSIONS = YES;
				CLANG_ANALYZER_NONNULL = YES;
				CLANG_ANALYZER_NUMBER_OBJECT_CONVERSION = YES_AGGRESSIVE;
				CLANG_CXX_LANGUAGE_STANDARD = "gnu++20";
				CLANG_ENABLE_MODULES = YES;
				CLANG_ENABLE_OBJC_ARC = YES;
				CLANG_ENABLE_OBJC_WEAK = YES;
				CLANG_WARN_BLOCK_CAPTURE_AUTORELEASING = YES;
				CLANG_WARN_BOOL_CONVERSION = YES;
				CLANG_WARN_COMMA = YES;
				CLANG_WARN_CONSTANT_CONVERSION = YES;
				CLANG_WARN_DEPRECATED_OBJC_IMPLEMENTATIONS = YES;
				CLANG_WARN_DIRECT_OBJC_ISA_USAGE = YES_ERROR;
				CLANG_WARN_DOCUMENTATION_COMMENTS = YES;
				CLANG_WARN_EMPTY_BODY = YES;
				CLANG_WARN_ENUM_CONVERSION = YES;
				CLANG_WARN_INFINITE_RECURSION = YES;
				CLANG_WARN_INT_CONVERSION = YES;
				CLANG_WARN_NON_LITERAL_NULL_CONVERSION = YES;
				CLANG_WARN_OBJC_IMPLICIT_RETAIN_SELF = YES;
				CLANG_WARN_OBJC_LITERAL_CONVERSION = YES;
				CLANG_WARN_OBJC_ROOT_CLASS = YES_ERROR;
				CLANG_WARN_QUOTED_INCLUDE_IN_FRAMEWORK_HEADER = YES;
				CLANG_WARN_RANGE_LOOP_ANALYSIS = YES;
				CLANG_WARN_STRICT_PROTOTYPES = YES;
				CLANG_WARN_SUSPICIOUS_MOVE = YES;
				CLANG_WARN_UNGUARDED_AVAILABILITY = YES_AGGRESSIVE;
				CLANG_WARN_UNREACHABLE_CODE = YES;
				CLANG_WARN__DUPLICATE_METHOD_MATCH = YES;
				COPY_PHASE_STRIP = NO;
				DEBUG_INFORMATION_FORMAT = dwarf;
				ENABLE_STRICT_OBJC_MSGSEND = YES;
				ENABLE_TESTABILITY = YES;
				ENABLE_USER_SCRIPT_SANDBOXING = YES;
				GCC_C_LANGUAGE_STANDARD = gnu17;
				GCC_DYNAMIC_NO_PIC = NO;
				GCC_NO_COMMON_BLOCKS = YES;
				GCC_OPTIMIZATION_LEVEL = 0;
				GCC_PREPROCESSOR_DEFINITIONS = (
					"DEBUG=1",
					"$(inherited)",
				);
				GCC_WARN_64_TO_32_BIT_CONVERSION = YES;
				GCC_WARN_ABOUT_RETURN_TYPE = YES_ERROR;
				GCC_WARN_UNDECLARED_SELECTOR = YES;
				GCC_WARN_UNINITIALIZED_AUTOS = YES_AGGRESSIVE;
				GCC_WARN_UNUSED_FUNCTION = YES;
				GCC_WARN_UNUSED_VARIABLE = YES;
				LOCALIZATION_PREFERS_STRING_CATALOGS = YES;
				MTL_ENABLE_DEBUG_INFO = INCLUDE_SOURCE;
				MTL_FAST_MATH = YES;
				ONLY_ACTIVE_ARCH = YES;
				SDKROOT = xros;
				SWIFT_ACTIVE_COMPILATION_CONDITIONS = "DEBUG $(inherited)";
				SWIFT_OPTIMIZATION_LEVEL = "-Onone";
				XROS_DEPLOYMENT_TARGET = 1.1;
			};
			name = Debug;
		};
		A01A53232BB17A6000FCAFBC /* Release */ = {
			isa = XCBuildConfiguration;
			buildSettings = {
				ALWAYS_SEARCH_USER_PATHS = NO;
				ASSETCATALOG_COMPILER_GENERATE_SWIFT_ASSET_SYMBOL_EXTENSIONS = YES;
				CLANG_ANALYZER_NONNULL = YES;
				CLANG_ANALYZER_NUMBER_OBJECT_CONVERSION = YES_AGGRESSIVE;
				CLANG_CXX_LANGUAGE_STANDARD = "gnu++20";
				CLANG_ENABLE_MODULES = YES;
				CLANG_ENABLE_OBJC_ARC = YES;
				CLANG_ENABLE_OBJC_WEAK = YES;
				CLANG_WARN_BLOCK_CAPTURE_AUTORELEASING = YES;
				CLANG_WARN_BOOL_CONVERSION = YES;
				CLANG_WARN_COMMA = YES;
				CLANG_WARN_CONSTANT_CONVERSION = YES;
				CLANG_WARN_DEPRECATED_OBJC_IMPLEMENTATIONS = YES;
				CLANG_WARN_DIRECT_OBJC_ISA_USAGE = YES_ERROR;
				CLANG_WARN_DOCUMENTATION_COMMENTS = YES;
				CLANG_WARN_EMPTY_BODY = YES;
				CLANG_WARN_ENUM_CONVERSION = YES;
				CLANG_WARN_INFINITE_RECURSION = YES;
				CLANG_WARN_INT_CONVERSION = YES;
				CLANG_WARN_NON_LITERAL_NULL_CONVERSION = YES;
				CLANG_WARN_OBJC_IMPLICIT_RETAIN_SELF = YES;
				CLANG_WARN_OBJC_LITERAL_CONVERSION = YES;
				CLANG_WARN_OBJC_ROOT_CLASS = YES_ERROR;
				CLANG_WARN_QUOTED_INCLUDE_IN_FRAMEWORK_HEADER = YES;
				CLANG_WARN_RANGE_LOOP_ANALYSIS = YES;
				CLANG_WARN_STRICT_PROTOTYPES = YES;
				CLANG_WARN_SUSPICIOUS_MOVE = YES;
				CLANG_WARN_UNGUARDED_AVAILABILITY = YES_AGGRESSIVE;
				CLANG_WARN_UNREACHABLE_CODE = YES;
				CLANG_WARN__DUPLICATE_METHOD_MATCH = YES;
				COPY_PHASE_STRIP = NO;
				DEBUG_INFORMATION_FORMAT = "dwarf-with-dsym";
				ENABLE_NS_ASSERTIONS = NO;
				ENABLE_STRICT_OBJC_MSGSEND = YES;
				ENABLE_USER_SCRIPT_SANDBOXING = YES;
				GCC_C_LANGUAGE_STANDARD = gnu17;
				GCC_NO_COMMON_BLOCKS = YES;
				GCC_WARN_64_TO_32_BIT_CONVERSION = YES;
				GCC_WARN_ABOUT_RETURN_TYPE = YES_ERROR;
				GCC_WARN_UNDECLARED_SELECTOR = YES;
				GCC_WARN_UNINITIALIZED_AUTOS = YES_AGGRESSIVE;
				GCC_WARN_UNUSED_FUNCTION = YES;
				GCC_WARN_UNUSED_VARIABLE = YES;
				LOCALIZATION_PREFERS_STRING_CATALOGS = YES;
				MTL_ENABLE_DEBUG_INFO = NO;
				MTL_FAST_MATH = YES;
				SDKROOT = xros;
				SWIFT_COMPILATION_MODE = wholemodule;
				VALIDATE_PRODUCT = YES;
				XROS_DEPLOYMENT_TARGET = 1.1;
			};
			name = Release;
		};
		A01A53252BB17A6000FCAFBC /* Debug */ = {
			isa = XCBuildConfiguration;
			buildSettings = {
				ASSETCATALOG_COMPILER_APPICON_NAME = AppIcon;
				ASSETCATALOG_COMPILER_GLOBAL_ACCENT_COLOR_NAME = AccentColor;
				CODE_SIGN_STYLE = Automatic;
				CURRENT_PROJECT_VERSION = 1;
				DEVELOPMENT_ASSET_PATHS = "\"ImmersiveVideoPlayerSample/Preview Content\"";
				DEVELOPMENT_TEAM = A5BPRXNG6L;
				ENABLE_PREVIEWS = YES;
				GENERATE_INFOPLIST_FILE = YES;
				INFOPLIST_FILE = "$(TARGET_NAME)/Info.plist";
				INFOPLIST_KEY_CFBundleDisplayName = "Player Demo";
				INFOPLIST_KEY_NSPhotoLibraryUsageDescription = "Access to Photo Library is required to read video";
				LD_RUNPATH_SEARCH_PATHS = (
					"$(inherited)",
					"@executable_path/Frameworks",
				);
				MARKETING_VERSION = 1.0;
				PRODUCT_BUNDLE_IDENTIFIER = "morin-innovation.ImmersiveVideoPlayerSample";
				PRODUCT_NAME = "$(TARGET_NAME)";
				SUPPORTED_PLATFORMS = "xros xrsimulator";
				SWIFT_EMIT_LOC_STRINGS = YES;
				SWIFT_VERSION = 5.0;
				TARGETED_DEVICE_FAMILY = "1,2,7";
				XROS_DEPLOYMENT_TARGET = 1.0;
			};
			name = Debug;
		};
		A01A53262BB17A6000FCAFBC /* Release */ = {
			isa = XCBuildConfiguration;
			buildSettings = {
				ASSETCATALOG_COMPILER_APPICON_NAME = AppIcon;
				ASSETCATALOG_COMPILER_GLOBAL_ACCENT_COLOR_NAME = AccentColor;
				CODE_SIGN_STYLE = Automatic;
				CURRENT_PROJECT_VERSION = 1;
				DEVELOPMENT_ASSET_PATHS = "\"ImmersiveVideoPlayerSample/Preview Content\"";
				DEVELOPMENT_TEAM = A5BPRXNG6L;
				ENABLE_PREVIEWS = YES;
				GENERATE_INFOPLIST_FILE = YES;
				INFOPLIST_FILE = "$(TARGET_NAME)/Info.plist";
				INFOPLIST_KEY_CFBundleDisplayName = "Player Demo";
				INFOPLIST_KEY_NSPhotoLibraryUsageDescription = "Access to Photo Library is required to read video";
				LD_RUNPATH_SEARCH_PATHS = (
					"$(inherited)",
					"@executable_path/Frameworks",
				);
				MARKETING_VERSION = 1.0;
				PRODUCT_BUNDLE_IDENTIFIER = "morin-innovation.ImmersiveVideoPlayerSample";
				PRODUCT_NAME = "$(TARGET_NAME)";
				SUPPORTED_PLATFORMS = "xros xrsimulator";
				SWIFT_EMIT_LOC_STRINGS = YES;
				SWIFT_VERSION = 5.0;
				TARGETED_DEVICE_FAMILY = "1,2,7";
				XROS_DEPLOYMENT_TARGET = 1.0;
			};
			name = Release;
		};
/* End XCBuildConfiguration section */

/* Begin XCConfigurationList section */
		A01A53082BB17A5E00FCAFBC /* Build configuration list for PBXProject "ImmersiveVideoPlayerSample" */ = {
			isa = XCConfigurationList;
			buildConfigurations = (
				A01A53222BB17A6000FCAFBC /* Debug */,
				A01A53232BB17A6000FCAFBC /* Release */,
			);
			defaultConfigurationIsVisible = 0;
			defaultConfigurationName = Release;
		};
		A01A53242BB17A6000FCAFBC /* Build configuration list for PBXNativeTarget "ImmersiveVideoPlayerSample" */ = {
			isa = XCConfigurationList;
			buildConfigurations = (
				A01A53252BB17A6000FCAFBC /* Debug */,
				A01A53262BB17A6000FCAFBC /* Release */,
			);
			defaultConfigurationIsVisible = 0;
			defaultConfigurationName = Release;
		};
/* End XCConfigurationList section */

/* Begin XCRemoteSwiftPackageReference section */
		A01A532B2BB18E2100FCAFBC /* XCRemoteSwiftPackageReference "swift-async-algorithms" */ = {
			isa = XCRemoteSwiftPackageReference;
			repositoryURL = "https://github.com/apple/swift-async-algorithms.git";
			requirement = {
				kind = upToNextMajorVersion;
				minimumVersion = 1.0.0;
			};
		};
/* End XCRemoteSwiftPackageReference section */

/* Begin XCSwiftPackageProductDependency section */
		A01A532C2BB18E2100FCAFBC /* AsyncAlgorithms */ = {
			isa = XCSwiftPackageProductDependency;
			package = A01A532B2BB18E2100FCAFBC /* XCRemoteSwiftPackageReference "swift-async-algorithms" */;
			productName = AsyncAlgorithms;
		};
/* End XCSwiftPackageProductDependency section */
	};
	rootObject = A01A53052BB17A5E00FCAFBC /* Project object */;
}
